# THIS IS AN AUTOGENERATED FILE. DO NOT EDIT THIS FILE DIRECTLY.
# yarn lockfile v1


local-time@^3.0.2:
  version "3.0.2"
  resolved "https://registry.yarnpkg.com/local-time/-/local-time-3.0.2.tgz#2767a1f3a9310f445efe3d75ad3bd07f634fa5f0"
  integrity sha512-22xNlCU10UxS+ecOtT2sLq17sVo0MQf8D2TvGEagS8Mi2gOtCIrY9cMfWH2dlkPLvEUmoWBfi8kzJNRoCSPvlg==
